
Microsoft Visual Studio Solution File, Format Version 12.00
# Visual Studio Version 16
VisualStudioVersion = 16.0.31729.503
MinimumVisualStudioVersion = 10.0.40219.1
Project("{FAE04EC0-301F-11D3-BF4B-00C04F79EFBC}") = "AuthenticationService", "AuthenticationService\AuthenticationService.csproj", "{C78FC276-BE5D-4BB6-A679-5E9A13073CB7}"
EndProject
Project("{FAE04EC0-301F-11D3-BF4B-00C04F79EFBC}") = "MyService", "MyService\MyService.csproj", "{EEB2D1D5-FCDC-47CE-8918-6D2181AFA387}"
EndProject
Global
	GlobalSection(SolutionConfigurationPlatforms) = preSolution
		Debug|Any CPU = Debug|Any CPU
		Release|Any CPU = Release|Any CPU
	EndGlobalSection
	GlobalSection(ProjectConfigurationPlatforms) = postSolution
		{C78FC276-BE5D-4BB6-A679-5E9A13073CB7}.Debug|Any CPU.ActiveCfg = Debug|Any CPU
		{C78FC276-BE5D-4BB6-A679-5E9A13073CB7}.Debug|Any CPU.Build.0 = Debug|Any CPU
		{C78FC276-BE5D-4BB6-A679-5E9A13073CB7}.Release|Any CPU.ActiveCfg = Release|Any CPU
		{C78FC276-BE5D-4BB6-A679-5E9A13073CB7}.Release|Any CPU.Build.0 = Release|Any CPU
		{EEB2D1D5-FCDC-47CE-8918-6D2181AFA387}.Debug|Any CPU.ActiveCfg = Debug|Any CPU
		{EEB2D1D5-FCDC-47CE-8918-6D2181AFA387}.Debug|Any CPU.Build.0 = Debug|Any CPU
		{EEB2D1D5-FCDC-47CE-8918-6D2181AFA387}.Release|Any CPU.ActiveCfg = Release|Any CPU
		{EEB2D1D5-FCDC-47CE-8918-6D2181AFA387}.Release|Any CPU.Build.0 = Release|Any CPU
	EndGlobalSection
	GlobalSection(SolutionProperties) = preSolution
		HideSolutionNode = FALSE
	EndGlobalSection
	GlobalSection(ExtensibilityGlobals) = postSolution
		SolutionGuid = {75490D28-10E7-4980-96FC-FB517C2B2052}
	EndGlobalSection
EndGlobal
